
Microsoft Visual Studio Solution File, Format Version 12.00
# Visual Studio Version 16
VisualStudioVersion = 16.0.30114.105
MinimumVisualStudioVersion = 10.0.40219.1
Project("{FAE04EC0-301F-11D3-BF4B-00C04F79EFBC}") = "Lab1Example", "Lab1Example.csproj", "{BE31FBA2-D3E3-41BC-B7DC-54148EAE36C3}"
EndProject
Global
	GlobalSection(SolutionConfigurationPlatforms) = preSolution
		Debug|Any CPU = Debug|Any CPU
		Release|Any CPU = Release|Any CPU
	EndGlobalSection
	GlobalSection(ProjectConfigurationPlatforms) = postSolution
		{BE31FBA2-D3E3-41BC-B7DC-54148EAE36C3}.Debug|Any CPU.ActiveCfg = Debug|Any CPU
		{BE31FBA2-D3E3-41BC-B7DC-54148EAE36C3}.Debug|Any CPU.Build.0 = Debug|Any CPU
		{BE31FBA2-D3E3-41BC-B7DC-54148EAE36C3}.Release|Any CPU.ActiveCfg = Release|Any CPU
		{BE31FBA2-D3E3-41BC-B7DC-54148EAE36C3}.Release|Any CPU.Build.0 = Release|Any CPU
	EndGlobalSection
	GlobalSection(SolutionProperties) = preSolution
		HideSolutionNode = FALSE
	EndGlobalSection
	GlobalSection(ExtensibilityGlobals) = postSolution
		SolutionGuid = {B506F6D9-635A-40D7-A769-B492BD801D5B}
	EndGlobalSection
EndGlobal
